// !$*UTF8*$!
{
	archiveVersion = 1;
	classes = {
	};
	objectVersion = 46;
	objects = {

/* Begin PBXBuildFile section */
		7E0865171EE531AD005FA19F /* main.m in Sources */ = {isa = PBXBuildFile; fileRef = 7E0865161EE531AD005FA19F /* main.m */; };
		7E08651A1EE531AD005FA19F /* AppDelegate.m in Sources */ = {isa = PBXBuildFile; fileRef = 7E0865191EE531AD005FA19F /* AppDelegate.m */; };
		7E08651D1EE531AD005FA19F /* ViewController.m in Sources */ = {isa = PBXBuildFile; fileRef = 7E08651C1EE531AD005FA19F /* ViewController.m */; };
		7E0865201EE531AD005FA19F /* Main.storyboard in Resources */ = {isa = PBXBuildFile; fileRef = 7E08651E1EE531AD005FA19F /* Main.storyboard */; };
		7E0865221EE531AD005FA19F /* Assets.xcassets in Resources */ = {isa = PBXBuildFile; fileRef = 7E0865211EE531AD005FA19F /* Assets.xcassets */; };
		7E0865251EE531AD005FA19F /* LaunchScreen.storyboard in Resources */ = {isa = PBXBuildFile; fileRef = 7E0865231EE531AD005FA19F /* LaunchScreen.storyboard */; };
		7E0865301EE531AD005FA19F /* autoreleasepool__Tests.m in Sources */ = {isa = PBXBuildFile; fileRef = 7E08652F1EE531AD005FA19F /* autoreleasepool__Tests.m */; };
		7E08653B1EE531AD005FA19F /* autoreleasepool__UITests.m in Sources */ = {isa = PBXBuildFile; fileRef = 7E08653A1EE531AD005FA19F /* autoreleasepool__UITests.m */; };
/* End PBXBuildFile section */

/* Begin PBXContainerItemProxy section */
		7E08652C1EE531AD005FA19F /* PBXContainerItemProxy */ = {
			isa = PBXContainerItemProxy;
			containerPortal = 7E08650A1EE531AD005FA19F /* Project object */;
			proxyType = 1;
			remoteGlobalIDString = 7E0865111EE531AD005FA19F;
			remoteInfo = "autoreleasepool测试";
		};
		7E0865371EE531AD005FA19F /* PBXContainerItemProxy */ = {
			isa = PBXContainerItemProxy;
			containerPortal = 7E08650A1EE531AD005FA19F /* Project object */;
			proxyType = 1;
			remoteGlobalIDString = 7E0865111EE531AD005FA19F;
			remoteInfo = "autoreleasepool测试";
		};
/* End PBXContainerItemProxy section */

/* Begin PBXFileReference section */
		7E0865121EE531AD005FA19F /* autoreleasepool测试.app */ = {isa = PBXFileReference; explicitFileType = wrapper.application; includeInIndex = 0; path = "autoreleasepool测试.app"; sourceTree = BUILT_PRODUCTS_DIR; };
		7E0865161EE531AD005FA19F /* main.m */ = {isa = PBXFileReference; lastKnownFileType = sourcecode.c.objc; path = main.m; sourceTree = "<group>"; };
		7E0865181EE531AD005FA19F /* AppDelegate.h */ = {isa = PBXFileReference; lastKnownFileType = sourcecode.c.h; path = AppDelegate.h; sourceTree = "<group>"; };
		7E0865191EE531AD005FA19F /* AppDelegate.m */ = {isa = PBXFileReference; lastKnownFileType = sourcecode.c.objc; path = AppDelegate.m; sourceTree = "<group>"; };
		7E08651B1EE531AD005FA19F /* ViewController.h */ = {isa = PBXFileReference; lastKnownFileType = sourcecode.c.h; path = ViewController.h; sourceTree = "<group>"; };
		7E08651C1EE531AD005FA19F /* ViewController.m */ = {isa = PBXFileReference; lastKnownFileType = sourcecode.c.objc; path = ViewController.m; sourceTree = "<group>"; };
		7E08651F1EE531AD005FA19F /* Base */ = {isa = PBXFileReference; lastKnownFileType = file.storyboard; name = Base; path = Base.lproj/Main.storyboard; sourceTree = "<group>"; };
		7E0865211EE531AD005FA19F /* Assets.xcassets */ = {isa = PBXFileReference; lastKnownFileType = folder.assetcatalog; path = Assets.xcassets; sourceTree = "<group>"; };
		7E0865241EE531AD005FA19F /* Base */ = {isa = PBXFileReference; lastKnownFileType = file.storyboard; name = Base; path = Base.lproj/LaunchScreen.storyboard; sourceTree = "<group>"; };
		7E0865261EE531AD005FA19F /* Info.plist */ = {isa = PBXFileReference; lastKnownFileType = text.plist.xml; path = Info.plist; sourceTree = "<group>"; };
		7E08652B1EE531AD005FA19F /* autoreleasepool测试Tests.xctest */ = {isa = PBXFileReference; explicitFileType = wrapper.cfbundle; includeInIndex = 0; path = "autoreleasepool测试Tests.xctest"; sourceTree = BUILT_PRODUCTS_DIR; };
		7E08652F1EE531AD005FA19F /* autoreleasepool__Tests.m */ = {isa = PBXFileReference; lastKnownFileType = sourcecode.c.objc; path = autoreleasepool__Tests.m; sourceTree = "<group>"; };
		7E0865311EE531AD005FA19F /* Info.plist */ = {isa = PBXFileReference; lastKnownFileType = text.plist.xml; path = Info.plist; sourceTree = "<group>"; };
		7E0865361EE531AD005FA19F /* autoreleasepool测试UITests.xctest */ = {isa = PBXFileReference; explicitFileType = wrapper.cfbundle; includeInIndex = 0; path = "autoreleasepool测试UITests.xctest"; sourceTree = BUILT_PRODUCTS_DIR; };
		7E08653A1EE531AD005FA19F /* autoreleasepool__UITests.m */ = {isa = PBXFileReference; lastKnownFileType = sourcecode.c.objc; path = autoreleasepool__UITests.m; sourceTree = "<group>"; };
		7E08653C1EE531AD005FA19F /* Info.plist */ = {isa = PBXFileReference; lastKnownFileType = text.plist.xml; path = Info.plist; sourceTree = "<group>"; };
/* End PBXFileReference section */

/* Begin PBXFrameworksBuildPhase section */
		7E08650F1EE531AD005FA19F /* Frameworks */ = {
			isa = PBXFrameworksBuildPhase;
			buildActionMask = 2147483647;
			files = (
			);
			runOnlyForDeploymentPostprocessing = 0;
		};
		7E0865281EE531AD005FA19F /* Frameworks */ = {
			isa = PBXFrameworksBuildPhase;
			buildActionMask = 2147483647;
			files = (
			);
			runOnlyForDeploymentPostprocessing = 0;
		};
		7E0865331EE531AD005FA19F /* Frameworks */ = {
			isa = PBXFrameworksBuildPhase;
			buildActionMask = 2147483647;
			files = (
			);
			runOnlyForDeploymentPostprocessing = 0;
		};
/* End PBXFrameworksBuildPhase section */

/* Begin PBXGroup section */
		7E0865091EE531AD005FA19F = {
			isa = PBXGroup;
			children = (
				7E0865141EE531AD005FA19F /* autoreleasepool测试 */,
				7E08652E1EE531AD005FA19F /* autoreleasepool测试Tests */,
				7E0865391EE531AD005FA19F /* autoreleasepool测试UITests */,
				7E0865131EE531AD005FA19F /* Products */,
			);
			sourceTree = "<group>";
		};
		7E0865131EE531AD005FA19F /* Products */ = {
			isa = PBXGroup;
			children = (
				7E0865121EE531AD005FA19F /* autoreleasepool测试.app */,
				7E08652B1EE531AD005FA19F /* autoreleasepool测试Tests.xctest */,
				7E0865361EE531AD005FA19F /* autoreleasepool测试UITests.xctest */,
			);
			name = Products;
			sourceTree = "<group>";
		};
		7E0865141EE531AD005FA19F /* autoreleasepool测试 */ = {
			isa = PBXGroup;
			children = (
				7E0865181EE531AD005FA19F /* AppDelegate.h */,
				7E0865191EE531AD005FA19F /* AppDelegate.m */,
				7E08651B1EE531AD005FA19F /* ViewController.h */,
				7E08651C1EE531AD005FA19F /* ViewController.m */,
				7E08651E1EE531AD005FA19F /* Main.storyboard */,
				7E0865211EE531AD005FA19F /* Assets.xcassets */,
				7E0865231EE531AD005FA19F /* LaunchScreen.storyboard */,
				7E0865261EE531AD005FA19F /* Info.plist */,
				7E0865151EE531AD005FA19F /* Supporting Files */,
			);
			path = "autoreleasepool测试";
			sourceTree = "<group>";
		};
		7E0865151EE531AD005FA19F /* Supporting Files */ = {
			isa = PBXGroup;
			children = (
				7E0865161EE531AD005FA19F /* main.m */,
			);
			name = "Supporting Files";
			sourceTree = "<group>";
		};
		7E08652E1EE531AD005FA19F /* autoreleasepool测试Tests */ = {
			isa = PBXGroup;
			children = (
				7E08652F1EE531AD005FA19F /* autoreleasepool__Tests.m */,
				7E0865311EE531AD005FA19F /* Info.plist */,
			);
			path = "autoreleasepool测试Tests";
			sourceTree = "<group>";
		};
		7E0865391EE531AD005FA19F /* autoreleasepool测试UITests */ = {
			isa = PBXGroup;
			children = (
				7E08653A1EE531AD005FA19F /* autoreleasepool__UITests.m */,
				7E08653C1EE531AD005FA19F /* Info.plist */,
			);
			path = "autoreleasepool测试UITests";
			sourceTree = "<group>";
		};
/* End PBXGroup section */

/* Begin PBXNativeTarget section */
		7E0865111EE531AD005FA19F /* autoreleasepool测试 */ = {
			isa = PBXNativeTarget;
			buildConfigurationList = 7E08653F1EE531AD005FA19F /* Build configuration list for PBXNativeTarget "autoreleasepool测试" */;
			buildPhases = (
				7E08650E1EE531AD005FA19F /* Sources */,
				7E08650F1EE531AD005FA19F /* Frameworks */,
				7E0865101EE531AD005FA19F /* Resources */,
			);
			buildRules = (
			);
			dependencies = (
			);
			name = "autoreleasepool测试";
			productName = "autoreleasepool测试";
			productReference = 7E0865121EE531AD005FA19F /* autoreleasepool测试.app */;
			productType = "com.apple.product-type.application";
		};
		7E08652A1EE531AD005FA19F /* autoreleasepool测试Tests */ = {
			isa = PBXNativeTarget;
			buildConfigurationList = 7E0865421EE531AD005FA19F /* Build configuration list for PBXNativeTarget "autoreleasepool测试Tests" */;
			buildPhases = (
				7E0865271EE531AD005FA19F /* Sources */,
				7E0865281EE531AD005FA19F /* Frameworks */,
				7E0865291EE531AD005FA19F /* Resources */,
			);
			buildRules = (
			);
			dependencies = (
				7E08652D1EE531AD005FA19F /* PBXTargetDependency */,
			);
			name = "autoreleasepool测试Tests";
			productName = "autoreleasepool测试Tests";
			productReference = 7E08652B1EE531AD005FA19F /* autoreleasepool测试Tests.xctest */;
			productType = "com.apple.product-type.bundle.unit-test";
		};
		7E0865351EE531AD005FA19F /* autoreleasepool测试UITests */ = {
			isa = PBXNativeTarget;
			buildConfigurationList = 7E0865451EE531AD005FA19F /* Build configuration list for PBXNativeTarget "autoreleasepool测试UITests" */;
			buildPhases = (
				7E0865321EE531AD005FA19F /* Sources */,
				7E0865331EE531AD005FA19F /* Frameworks */,
				7E0865341EE531AD005FA19F /* Resources */,
			);
			buildRules = (
			);
			dependencies = (
				7E0865381EE531AD005FA19F /* PBXTargetDependency */,
			);
			name = "autoreleasepool测试UITests";
			productName = "autoreleasepool测试UITests";
			productReference = 7E0865361EE531AD005FA19F /* autoreleasepool测试UITests.xctest */;
			productType = "com.apple.product-type.bundle.ui-testing";
		};
/* End PBXNativeTarget section */

/* Begin PBXProject section */
		7E08650A1EE531AD005FA19F /* Project object */ = {
			isa = PBXProject;
			attributes = {
				LastUpgradeCheck = 0830;
				ORGANIZATIONNAME = qwkj;
				TargetAttributes = {
					7E0865111EE531AD005FA19F = {
						CreatedOnToolsVersion = 8.3.2;
						DevelopmentTeam = DXY592L98C;
						ProvisioningStyle = Automatic;
					};
					7E08652A1EE531AD005FA19F = {
						CreatedOnToolsVersion = 8.3.2;
						DevelopmentTeam = DXY592L98C;
						ProvisioningStyle = Automatic;
						TestTargetID = 7E0865111EE531AD005FA19F;
					};
					7E0865351EE531AD005FA19F = {
						CreatedOnToolsVersion = 8.3.2;
						DevelopmentTeam = DXY592L98C;
						ProvisioningStyle = Automatic;
						TestTargetID = 7E0865111EE531AD005FA19F;
					};
				};
			};
			buildConfigurationList = 7E08650D1EE531AD005FA19F /* Build configuration list for PBXProject "autoreleasepool测试" */;
			compatibilityVersion = "Xcode 3.2";
			developmentRegion = English;
			hasScannedForEncodings = 0;
			knownRegions = (
				en,
				Base,
			);
			mainGroup = 7E0865091EE531AD005FA19F;
			productRefGroup = 7E0865131EE531AD005FA19F /* Products */;
			projectDirPath = "";
			projectRoot = "";
			targets = (
				7E0865111EE531AD005FA19F /* autoreleasepool测试 */,
				7E08652A1EE531AD005FA19F /* autoreleasepool测试Tests */,
				7E0865351EE531AD005FA19F /* autoreleasepool测试UITests */,
			);
		};
/* End PBXProject section */

/* Begin PBXResourcesBuildPhase section */
		7E0865101EE531AD005FA19F /* Resources */ = {
			isa = PBXResourcesBuildPhase;
			buildActionMask = 2147483647;
			files = (
				7E0865251EE531AD005FA19F /* LaunchScreen.storyboard in Resources */,
				7E0865221EE531AD005FA19F /* Assets.xcassets in Resources */,
				7E0865201EE531AD005FA19F /* Main.storyboard in Resources */,
			);
			runOnlyForDeploymentPostprocessing = 0;
		};
		7E0865291EE531AD005FA19F /* Resources */ = {
			isa = PBXResourcesBuildPhase;
			buildActionMask = 2147483647;
			files = (
			);
			runOnlyForDeploymentPostprocessing = 0;
		};
		7E0865341EE531AD005FA19F /* Resources */ = {
			isa = PBXResourcesBuildPhase;
			buildActionMask = 2147483647;
			files = (
			);
			runOnlyForDeploymentPostprocessing = 0;
		};
/* End PBXResourcesBuildPhase section */

/* Begin PBXSourcesBuildPhase section */
		7E08650E1EE531AD005FA19F /* Sources */ = {
			isa = PBXSourcesBuildPhase;
			buildActionMask = 2147483647;
			files = (
				7E08651D1EE531AD005FA19F /* ViewController.m in Sources */,
				7E08651A1EE531AD005FA19F /* AppDelegate.m in Sources */,
				7E0865171EE531AD005FA19F /* main.m in Sources */,
			);
			runOnlyForDeploymentPostprocessing = 0;
		};
		7E0865271EE531AD005FA19F /* Sources */ = {
			isa = PBXSourcesBuildPhase;
			buildActionMask = 2147483647;
			files = (
				7E0865301EE531AD005FA19F /* autoreleasepool__Tests.m in Sources */,
			);
			runOnlyForDeploymentPostprocessing = 0;
		};
		7E0865321EE531AD005FA19F /* Sources */ = {
			isa = PBXSourcesBuildPhase;
			buildActionMask = 2147483647;
			files = (
				7E08653B1EE531AD005FA19F /* autoreleasepool__UITests.m in Sources */,
			);
			runOnlyForDeploymentPostprocessing = 0;
		};
/* End PBXSourcesBuildPhase section */

/* Begin PBXTargetDependency section */
		7E08652D1EE531AD005FA19F /* PBXTargetDependency */ = {
			isa = PBXTargetDependency;
			target = 7E0865111EE531AD005FA19F /* autoreleasepool测试 */;
			targetProxy = 7E08652C1EE531AD005FA19F /* PBXContainerItemProxy */;
		};
		7E0865381EE531AD005FA19F /* PBXTargetDependency */ = {
			isa = PBXTargetDependency;
			target = 7E0865111EE531AD005FA19F /* autoreleasepool测试 */;
			targetProxy = 7E0865371EE531AD005FA19F /* PBXContainerItemProxy */;
		};
/* End PBXTargetDependency section */

/* Begin PBXVariantGroup section */
		7E08651E1EE531AD005FA19F /* Main.storyboard */ = {
			isa = PBXVariantGroup;
			children = (
				7E08651F1EE531AD005FA19F /* Base */,
			);
			name = Main.storyboard;
			sourceTree = "<group>";
		};
		7E0865231EE531AD005FA19F /* LaunchScreen.storyboard */ = {
			isa = PBXVariantGroup;
			children = (
				7E0865241EE531AD005FA19F /* Base */,
			);
			name = LaunchScreen.storyboard;
			sourceTree = "<group>";
		};
/* End PBXVariantGroup section */

/* Begin XCBuildConfiguration section */
		7E08653D1EE531AD005FA19F /* Debug */ = {
			isa = XCBuildConfiguration;
			buildSettings = {
				ALWAYS_SEARCH_USER_PATHS = NO;
				CLANG_ANALYZER_NONNULL = YES;
				CLANG_ANALYZER_NUMBER_OBJECT_CONVERSION = YES_AGGRESSIVE;
				CLANG_CXX_LANGUAGE_STANDARD = "gnu++0x";
				CLANG_CXX_LIBRARY = "libc++";
				CLANG_ENABLE_MODULES = YES;
				CLANG_ENABLE_OBJC_ARC = YES;
				CLANG_WARN_BOOL_CONVERSION = YES;
				CLANG_WARN_CONSTANT_CONVERSION = YES;
				CLANG_WARN_DIRECT_OBJC_ISA_USAGE = YES_ERROR;
				CLANG_WARN_DOCUMENTATION_COMMENTS = YES;
				CLANG_WARN_EMPTY_BODY = YES;
				CLANG_WARN_ENUM_CONVERSION = YES;
				CLANG_WARN_INFINITE_RECURSION = YES;
				CLANG_WARN_INT_CONVERSION = YES;
				CLANG_WARN_OBJC_ROOT_CLASS = YES_ERROR;
				CLANG_WARN_SUSPICIOUS_MOVE = YES;
				CLANG_WARN_UNREACHABLE_CODE = YES;
				CLANG_WARN__DUPLICATE_METHOD_MATCH = YES;
				"CODE_SIGN_IDENTITY[sdk=iphoneos*]" = "iPhone Developer";
				COPY_PHASE_STRIP = NO;
				DEBUG_INFORMATION_FORMAT = dwarf;
				ENABLE_STRICT_OBJC_MSGSEND = YES;
				ENABLE_TESTABILITY = YES;
				GCC_C_LANGUAGE_STANDARD = gnu99;
				GCC_DYNAMIC_NO_PIC = NO;
				GCC_NO_COMMON_BLOCKS = YES;
				GCC_OPTIMIZATION_LEVEL = 0;
				GCC_PREPROCESSOR_DEFINITIONS = (
					"DEBUG=1",
					"$(inherited)",
				);
				GCC_WARN_64_TO_32_BIT_CONVERSION = YES;
				GCC_WARN_ABOUT_RETURN_TYPE = YES_ERROR;
				GCC_WARN_UNDECLARED_SELECTOR = YES;
				GCC_WARN_UNINITIALIZED_AUTOS = YES_AGGRESSIVE;
				GCC_WARN_UNUSED_FUNCTION = YES;
				GCC_WARN_UNUSED_VARIABLE = YES;
				IPHONEOS_DEPLOYMENT_TARGET = 10.3;
				MTL_ENABLE_DEBUG_INFO = YES;
				ONLY_ACTIVE_ARCH = YES;
				SDKROOT = iphoneos;
				TARGETED_DEVICE_FAMILY = "1,2";
			};
			name = Debug;
		};
		7E08653E1EE531AD005FA19F /* Release */ = {
			isa = XCBuildConfiguration;
			buildSettings = {
				ALWAYS_SEARCH_USER_PATHS = NO;
				CLANG_ANALYZER_NONNULL = YES;
				CLANG_ANALYZER_NUMBER_OBJECT_CONVERSION = YES_AGGRESSIVE;
				CLANG_CXX_LANGUAGE_STANDARD = "gnu++0x";
				CLANG_CXX_LIBRARY = "libc++";
				CLANG_ENABLE_MODULES = YES;
				CLANG_ENABLE_OBJC_ARC = YES;
				CLANG_WARN_BOOL_CONVERSION = YES;
				CLANG_WARN_CONSTANT_CONVERSION = YES;
				CLANG_WARN_DIRECT_OBJC_ISA_USAGE = YES_ERROR;
				CLANG_WARN_DOCUMENTATION_COMMENTS = YES;
				CLANG_WARN_EMPTY_BODY = YES;
				CLANG_WARN_ENUM_CONVERSION = YES;
				CLANG_WARN_INFINITE_RECURSION = YES;
				CLANG_WARN_INT_CONVERSION = YES;
				CLANG_WARN_OBJC_ROOT_CLASS = YES_ERROR;
				CLANG_WARN_SUSPICIOUS_MOVE = YES;
				CLANG_WARN_UNREACHABLE_CODE = YES;
				CLANG_WARN__DUPLICATE_METHOD_MATCH = YES;
				"CODE_SIGN_IDENTITY[sdk=iphoneos*]" = "iPhone Developer";
				COPY_PHASE_STRIP = NO;
				DEBUG_INFORMATION_FORMAT = "dwarf-with-dsym";
				ENABLE_NS_ASSERTIONS = NO;
				ENABLE_STRICT_OBJC_MSGSEND = YES;
				GCC_C_LANGUAGE_STANDARD = gnu99;
				GCC_NO_COMMON_BLOCKS = YES;
				GCC_WARN_64_TO_32_BIT_CONVERSION = YES;
				GCC_WARN_ABOUT_RETURN_TYPE = YES_ERROR;
				GCC_WARN_UNDECLARED_SELECTOR = YES;
				GCC_WARN_UNINITIALIZED_AUTOS = YES_AGGRESSIVE;
				GCC_WARN_UNUSED_FUNCTION = YES;
				GCC_WARN_UNUSED_VARIABLE = YES;
				IPHONEOS_DEPLOYMENT_TARGET = 10.3;
				MTL_ENABLE_DEBUG_INFO = NO;
				SDKROOT = iphoneos;
				TARGETED_DEVICE_FAMILY = "1,2";
				VALIDATE_PRODUCT = YES;
			};
			name = Release;
		};
		7E0865401EE531AD005FA19F /* Debug */ = {
			isa = XCBuildConfiguration;
			buildSettings = {
				ASSETCATALOG_COMPILER_APPICON_NAME = AppIcon;
				DEVELOPMENT_TEAM = DXY592L98C;
				INFOPLIST_FILE = "autoreleasepool测试/Info.plist";
				IPHONEOS_DEPLOYMENT_TARGET = 10.0;
				LD_RUNPATH_SEARCH_PATHS = "$(inherited) @executable_path/Frameworks";
				PRODUCT_BUNDLE_IDENTIFIER = "com.qwkj.EstateService.autoreleasepool--";
				PRODUCT_NAME = "$(TARGET_NAME)";
			};
			name = Debug;
		};
		7E0865411EE531AD005FA19F /* Release */ = {
			isa = XCBuildConfiguration;
			buildSettings = {
				ASSETCATALOG_COMPILER_APPICON_NAME = AppIcon;
				DEVELOPMENT_TEAM = DXY592L98C;
				INFOPLIST_FILE = "autoreleasepool测试/Info.plist";
				IPHONEOS_DEPLOYMENT_TARGET = 10.0;
				LD_RUNPATH_SEARCH_PATHS = "$(inherited) @executable_path/Frameworks";
				PRODUCT_BUNDLE_IDENTIFIER = "com.qwkj.EstateService.autoreleasepool--";
				PRODUCT_NAME = "$(TARGET_NAME)";
			};
			name = Release;
		};
		7E0865431EE531AD005FA19F /* Debug */ = {
			isa = XCBuildConfiguration;
			buildSettings = {
				BUNDLE_LOADER = "$(TEST_HOST)";
				DEVELOPMENT_TEAM = DXY592L98C;
				INFOPLIST_FILE = "autoreleasepool测试Tests/Info.plist";
				LD_RUNPATH_SEARCH_PATHS = "$(inherited) @executable_path/Frameworks @loader_path/Frameworks";
				PRODUCT_BUNDLE_IDENTIFIER = "com.qwkj.EstateService.autoreleasepool--Tests";
				PRODUCT_NAME = "$(TARGET_NAME)";
				TEST_HOST = "$(BUILT_PRODUCTS_DIR)/autoreleasepool测试.app/autoreleasepool测试";
			};
			name = Debug;
		};
		7E0865441EE531AD005FA19F /* Release */ = {
			isa = XCBuildConfiguration;
			buildSettings = {
				BUNDLE_LOADER = "$(TEST_HOST)";
				DEVELOPMENT_TEAM = DXY592L98C;
				INFOPLIST_FILE = "autoreleasepool测试Tests/Info.plist";
				LD_RUNPATH_SEARCH_PATHS = "$(inherited) @executable_path/Frameworks @loader_path/Frameworks";
				PRODUCT_BUNDLE_IDENTIFIER = "com.qwkj.EstateService.autoreleasepool--Tests";
				PRODUCT_NAME = "$(TARGET_NAME)";
				TEST_HOST = "$(BUILT_PRODUCTS_DIR)/autoreleasepool测试.app/autoreleasepool测试";
			};
			name = Release;
		};
		7E0865461EE531AD005FA19F /* Debug */ = {
			isa = XCBuildConfiguration;
			buildSettings = {
				DEVELOPMENT_TEAM = DXY592L98C;
				INFOPLIST_FILE = "autoreleasepool测试UITests/Info.plist";
				LD_RUNPATH_SEARCH_PATHS = "$(inherited) @executable_path/Frameworks @loader_path/Frameworks";
				PRODUCT_BUNDLE_IDENTIFIER = "com.qwkj.EstateService.autoreleasepool--UITests";
				PRODUCT_NAME = "$(TARGET_NAME)";
				TEST_TARGET_NAME = "autoreleasepool测试";
			};
			name = Debug;
		};
		7E0865471EE531AD005FA19F /* Release */ = {
			isa = XCBuildConfiguration;
			buildSettings = {
				DEVELOPMENT_TEAM = DXY592L98C;
				INFOPLIST_FILE = "autoreleasepool测试UITests/Info.plist";
				LD_RUNPATH_SEARCH_PATHS = "$(inherited) @executable_path/Frameworks @loader_path/Frameworks";
				PRODUCT_BUNDLE_IDENTIFIER = "com.qwkj.EstateService.autoreleasepool--UITests";
				PRODUCT_NAME = "$(TARGET_NAME)";
				TEST_TARGET_NAME = "autoreleasepool测试";
			};
			name = Release;
		};
/* End XCBuildConfiguration section */

/* Begin XCConfigurationList section */
		7E08650D1EE531AD005FA19F /* Build configuration list for PBXProject "autoreleasepool测试" */ = {
			isa = XCConfigurationList;
			buildConfigurations = (
				7E08653D1EE531AD005FA19F /* Debug */,
				7E08653E1EE531AD005FA19F /* Release */,
			);
			defaultConfigurationIsVisible = 0;
			defaultConfigurationName = Release;
		};
		7E08653F1EE531AD005FA19F /* Build configuration list for PBXNativeTarget "autoreleasepool测试" */ = {
			isa = XCConfigurationList;
			buildConfigurations = (
				7E0865401EE531AD005FA19F /* Debug */,
				7E0865411EE531AD005FA19F /* Release */,
			);
			defaultConfigurationIsVisible = 0;
		};
		7E0865421EE531AD005FA19F /* Build configuration list for PBXNativeTarget "autoreleasepool测试Tests" */ = {
			isa = XCConfigurationList;
			buildConfigurations = (
				7E0865431EE531AD005FA19F /* Debug */,
				7E0865441EE531AD005FA19F /* Release */,
			);
			defaultConfigurationIsVisible = 0;
		};
		7E0865451EE531AD005FA19F /* Build configuration list for PBXNativeTarget "autoreleasepool测试UITests" */ = {
			isa = XCConfigurationList;
			buildConfigurations = (
				7E0865461EE531AD005FA19F /* Debug */,
				7E0865471EE531AD005FA19F /* Release */,
			);
			defaultConfigurationIsVisible = 0;
		};
/* End XCConfigurationList section */
	};
	rootObject = 7E08650A1EE531AD005FA19F /* Project object */;
}
